// !$*UTF8*$!
{
	archiveVersion = 1;
	classes = {
	};
	objectVersion = 77;
	objects = {

/* Begin PBXBuildFile section */
		56B7D99B2E3AAF4F00025EDB /* SVGKit in Frameworks */ = {isa = PBXBuildFile; productRef = 56B7D99A2E3AAF4F00025EDB /* SVGKit */; };
		56B7D99D2E3AAF5F00025EDB /* SVGKit in Frameworks */ = {isa = PBXBuildFile; productRef = 56B7D99C2E3AAF5F00025EDB /* SVGKit */; };
		56B7D99F2E3AAF5F00025EDB /* SVGKitSwift in Frameworks */ = {isa = PBXBuildFile; productRef = 56B7D99E2E3AAF5F00025EDB /* SVGKitSwift */; };
		56B7D9A12E3AAF6600025EDB /* SVGKitSwift in Frameworks */ = {isa = PBXBuildFile; productRef = 56B7D9A02E3AAF6600025EDB /* SVGKitSwift */; };
/* End PBXBuildFile section */

/* Begin PBXContainerItemProxy section */
		564035EF2E39421D0035022D /* PBXContainerItemProxy */ = {
			isa = PBXContainerItemProxy;
			containerPortal = 564035D02E39421C0035022D /* Project object */;
			proxyType = 1;
			remoteGlobalIDString = 564035D72E39421C0035022D;
			remoteInfo = CountryApp;
		};
		564035F92E39421D0035022D /* PBXContainerItemProxy */ = {
			isa = PBXContainerItemProxy;
			containerPortal = 564035D02E39421C0035022D /* Project object */;
			proxyType = 1;
			remoteGlobalIDString = 564035D72E39421C0035022D;
			remoteInfo = CountryApp;
		};
/* End PBXContainerItemProxy section */

/* Begin PBXFileReference section */
		564035D82E39421C0035022D /* CountryApp.app */ = {isa = PBXFileReference; explicitFileType = wrapper.application; includeInIndex = 0; path = CountryApp.app; sourceTree = BUILT_PRODUCTS_DIR; };
		564035EE2E39421D0035022D /* CountryAppTests.xctest */ = {isa = PBXFileReference; explicitFileType = wrapper.cfbundle; includeInIndex = 0; path = CountryAppTests.xctest; sourceTree = BUILT_PRODUCTS_DIR; };
		564035F82E39421D0035022D /* CountryAppUITests.xctest */ = {isa = PBXFileReference; explicitFileType = wrapper.cfbundle; includeInIndex = 0; path = CountryAppUITests.xctest; sourceTree = BUILT_PRODUCTS_DIR; };
/* End PBXFileReference section */

/* Begin PBXFileSystemSynchronizedBuildFileExceptionSet section */
		564036002E39421D0035022D /* Exceptions for "CountryApp" folder in "CountryApp" target */ = {
			isa = PBXFileSystemSynchronizedBuildFileExceptionSet;
			membershipExceptions = (
				Info.plist,
			);
			target = 564035D72E39421C0035022D /* CountryApp */;
		};
/* End PBXFileSystemSynchronizedBuildFileExceptionSet section */

/* Begin PBXFileSystemSynchronizedRootGroup section */
		564035DA2E39421C0035022D /* CountryApp */ = {
			isa = PBXFileSystemSynchronizedRootGroup;
			exceptions = (
				564036002E39421D0035022D /* Exceptions for "CountryApp" folder in "CountryApp" target */,
			);
			path = CountryApp;
			sourceTree = "<group>";
		};
		564035F12E39421D0035022D /* CountryAppTests */ = {
			isa = PBXFileSystemSynchronizedRootGroup;
			path = CountryAppTests;
			sourceTree = "<group>";
		};
		564035FB2E39421D0035022D /* CountryAppUITests */ = {
			isa = PBXFileSystemSynchronizedRootGroup;
			path = CountryAppUITests;
			sourceTree = "<group>";
		};
/* End PBXFileSystemSynchronizedRootGroup section */

/* Begin PBXFrameworksBuildPhase section */
		564035D52E39421C0035022D /* Frameworks */ = {
			isa = PBXFrameworksBuildPhase;
			buildActionMask = 2147483647;
			files = (
				56B7D9A12E3AAF6600025EDB /* SVGKitSwift in Frameworks */,
				56B7D99B2E3AAF4F00025EDB /* SVGKit in Frameworks */,
			);
			runOnlyForDeploymentPostprocessing = 0;
		};
		564035EB2E39421D0035022D /* Frameworks */ = {
			isa = PBXFrameworksBuildPhase;
			buildActionMask = 2147483647;
			files = (
				56B7D99F2E3AAF5F00025EDB /* SVGKitSwift in Frameworks */,
				56B7D99D2E3AAF5F00025EDB /* SVGKit in Frameworks */,
			);
			runOnlyForDeploymentPostprocessing = 0;
		};
		564035F52E39421D0035022D /* Frameworks */ = {
			isa = PBXFrameworksBuildPhase;
			buildActionMask = 2147483647;
			files = (
			);
			runOnlyForDeploymentPostprocessing = 0;
		};
/* End PBXFrameworksBuildPhase section */

/* Begin PBXGroup section */
		564035CF2E39421C0035022D = {
			isa = PBXGroup;
			children = (
				564035DA2E39421C0035022D /* CountryApp */,
				564035F12E39421D0035022D /* CountryAppTests */,
				564035FB2E39421D0035022D /* CountryAppUITests */,
				56B7D9992E3AAF4F00025EDB /* Frameworks */,
				564035D92E39421C0035022D /* Products */,
			);
			sourceTree = "<group>";
		};
		564035D92E39421C0035022D /* Products */ = {
			isa = PBXGroup;
			children = (
				564035D82E39421C0035022D /* CountryApp.app */,
				564035EE2E39421D0035022D /* CountryAppTests.xctest */,
				564035F82E39421D0035022D /* CountryAppUITests.xctest */,
			);
			name = Products;
			sourceTree = "<group>";
		};
		56B7D9992E3AAF4F00025EDB /* Frameworks */ = {
			isa = PBXGroup;
			children = (
			);
			name = Frameworks;
			sourceTree = "<group>";
		};
/* End PBXGroup section */

/* Begin PBXNativeTarget section */
		564035D72E39421C0035022D /* CountryApp */ = {
			isa = PBXNativeTarget;
			buildConfigurationList = 564036012E39421D0035022D /* Build configuration list for PBXNativeTarget "CountryApp" */;
			buildPhases = (
				564035D42E39421C0035022D /* Sources */,
				564035D52E39421C0035022D /* Frameworks */,
				564035D62E39421C0035022D /* Resources */,
			);
			buildRules = (
			);
			dependencies = (
			);
			fileSystemSynchronizedGroups = (
				564035DA2E39421C0035022D /* CountryApp */,
			);
			name = CountryApp;
			packageProductDependencies = (
				56B7D99A2E3AAF4F00025EDB /* SVGKit */,
				56B7D9A02E3AAF6600025EDB /* SVGKitSwift */,
			);
			productName = CountryApp;
			productReference = 564035D82E39421C0035022D /* CountryApp.app */;
			productType = "com.apple.product-type.application";
		};
		564035ED2E39421D0035022D /* CountryAppTests */ = {
			isa = PBXNativeTarget;
			buildConfigurationList = 564036062E39421D0035022D /* Build configuration list for PBXNativeTarget "CountryAppTests" */;
			buildPhases = (
				564035EA2E39421D0035022D /* Sources */,
				564035EB2E39421D0035022D /* Frameworks */,
				564035EC2E39421D0035022D /* Resources */,
			);
			buildRules = (
			);
			dependencies = (
				564035F02E39421D0035022D /* PBXTargetDependency */,
			);
			fileSystemSynchronizedGroups = (
				564035F12E39421D0035022D /* CountryAppTests */,
			);
			name = CountryAppTests;
			packageProductDependencies = (
				56B7D99C2E3AAF5F00025EDB /* SVGKit */,
				56B7D99E2E3AAF5F00025EDB /* SVGKitSwift */,
			);
			productName = CountryAppTests;
			productReference = 564035EE2E39421D0035022D /* CountryAppTests.xctest */;
			productType = "com.apple.product-type.bundle.unit-test";
		};
		564035F72E39421D0035022D /* CountryAppUITests */ = {
			isa = PBXNativeTarget;
			buildConfigurationList = 564036092E39421D0035022D /* Build configuration list for PBXNativeTarget "CountryAppUITests" */;
			buildPhases = (
				564035F42E39421D0035022D /* Sources */,
				564035F52E39421D0035022D /* Frameworks */,
				564035F62E39421D0035022D /* Resources */,
			);
			buildRules = (
			);
			dependencies = (
				564035FA2E39421D0035022D /* PBXTargetDependency */,
			);
			fileSystemSynchronizedGroups = (
				564035FB2E39421D0035022D /* CountryAppUITests */,
			);
			name = CountryAppUITests;
			packageProductDependencies = (
			);
			productName = CountryAppUITests;
			productReference = 564035F82E39421D0035022D /* CountryAppUITests.xctest */;
			productType = "com.apple.product-type.bundle.ui-testing";
		};
/* End PBXNativeTarget section */

/* Begin PBXProject section */
		564035D02E39421C0035022D /* Project object */ = {
			isa = PBXProject;
			attributes = {
				BuildIndependentTargetsInParallel = 1;
				LastSwiftUpdateCheck = 1640;
				LastUpgradeCheck = 1640;
				TargetAttributes = {
					564035D72E39421C0035022D = {
						CreatedOnToolsVersion = 16.4;
					};
					564035ED2E39421D0035022D = {
						CreatedOnToolsVersion = 16.4;
						TestTargetID = 564035D72E39421C0035022D;
					};
					564035F72E39421D0035022D = {
						CreatedOnToolsVersion = 16.4;
						TestTargetID = 564035D72E39421C0035022D;
					};
				};
			};
			buildConfigurationList = 564035D32E39421C0035022D /* Build configuration list for PBXProject "CountryApp" */;
			developmentRegion = en;
			hasScannedForEncodings = 0;
			knownRegions = (
				en,
				Base,
			);
			mainGroup = 564035CF2E39421C0035022D;
			minimizedProjectReferenceProxies = 1;
			packageReferences = (
				56B7D95F2E3AADE900025EDB /* XCRemoteSwiftPackageReference "SVGKit" */,
			);
			preferredProjectObjectVersion = 77;
			productRefGroup = 564035D92E39421C0035022D /* Products */;
			projectDirPath = "";
			projectRoot = "";
			targets = (
				564035D72E39421C0035022D /* CountryApp */,
				564035ED2E39421D0035022D /* CountryAppTests */,
				564035F72E39421D0035022D /* CountryAppUITests */,
			);
		};
/* End PBXProject section */

/* Begin PBXResourcesBuildPhase section */
		564035D62E39421C0035022D /* Resources */ = {
			isa = PBXResourcesBuildPhase;
			buildActionMask = 2147483647;
			files = (
			);
			runOnlyForDeploymentPostprocessing = 0;
		};
		564035EC2E39421D0035022D /* Resources */ = {
			isa = PBXResourcesBuildPhase;
			buildActionMask = 2147483647;
			files = (
			);
			runOnlyForDeploymentPostprocessing = 0;
		};
		564035F62E39421D0035022D /* Resources */ = {
			isa = PBXResourcesBuildPhase;
			buildActionMask = 2147483647;
			files = (
			);
			runOnlyForDeploymentPostprocessing = 0;
		};
/* End PBXResourcesBuildPhase section */

/* Begin PBXSourcesBuildPhase section */
		564035D42E39421C0035022D /* Sources */ = {
			isa = PBXSourcesBuildPhase;
			buildActionMask = 2147483647;
			files = (
			);
			runOnlyForDeploymentPostprocessing = 0;
		};
		564035EA2E39421D0035022D /* Sources */ = {
			isa = PBXSourcesBuildPhase;
			buildActionMask = 2147483647;
			files = (
			);
			runOnlyForDeploymentPostprocessing = 0;
		};
		564035F42E39421D0035022D /* Sources */ = {
			isa = PBXSourcesBuildPhase;
			buildActionMask = 2147483647;
			files = (
			);
			runOnlyForDeploymentPostprocessing = 0;
		};
/* End PBXSourcesBuildPhase section */

/* Begin PBXTargetDependency section */
		564035F02E39421D0035022D /* PBXTargetDependency */ = {
			isa = PBXTargetDependency;
			target = 564035D72E39421C0035022D /* CountryApp */;
			targetProxy = 564035EF2E39421D0035022D /* PBXContainerItemProxy */;
		};
		564035FA2E39421D0035022D /* PBXTargetDependency */ = {
			isa = PBXTargetDependency;
			target = 564035D72E39421C0035022D /* CountryApp */;
			targetProxy = 564035F92E39421D0035022D /* PBXContainerItemProxy */;
		};
/* End PBXTargetDependency section */

/* Begin XCBuildConfiguration section */
		564036022E39421D0035022D /* Debug */ = {
			isa = XCBuildConfiguration;
			buildSettings = {
				ASSETCATALOG_COMPILER_APPICON_NAME = AppIcon;
				ASSETCATALOG_COMPILER_GLOBAL_ACCENT_COLOR_NAME = AccentColor;
				CODE_SIGN_STYLE = Automatic;
				CURRENT_PROJECT_VERSION = 1;
				DEVELOPMENT_TEAM = 8FLPWUST8W;
				GENERATE_INFOPLIST_FILE = YES;
				INFOPLIST_FILE = CountryApp/Info.plist;
				INFOPLIST_KEY_NSLocationWhenInUseUsageDescription = "This app needs your location to suggest relevant countries.";
				INFOPLIST_KEY_UIApplicationSupportsIndirectInputEvents = YES;
				INFOPLIST_KEY_UILaunchStoryboardName = LaunchScreen;
				INFOPLIST_KEY_UISupportedInterfaceOrientations_iPad = "UIInterfaceOrientationPortrait UIInterfaceOrientationPortraitUpsideDown UIInterfaceOrientationLandscapeLeft UIInterfaceOrientationLandscapeRight";
				INFOPLIST_KEY_UISupportedInterfaceOrientations_iPhone = "UIInterfaceOrientationPortrait UIInterfaceOrientationLandscapeLeft UIInterfaceOrientationLandscapeRight";
				LD_RUNPATH_SEARCH_PATHS = (
					"$(inherited)",
					"@executable_path/Frameworks",
				);
				MARKETING_VERSION = 1.0;
				PRODUCT_BUNDLE_IDENTIFIER = com.jpkayle.CountryApp;
				PRODUCT_NAME = "$(TARGET_NAME)";
				SWIFT_EMIT_LOC_STRINGS = YES;
				SWIFT_VERSION = 5.0;
				TARGETED_DEVICE_FAMILY = "1,2";
			};
			name = Debug;
		};
		564036032E39421D0035022D /* Release */ = {
			isa = XCBuildConfiguration;
			buildSettings = {
				ASSETCATALOG_COMPILER_APPICON_NAME = AppIcon;
				ASSETCATALOG_COMPILER_GLOBAL_ACCENT_COLOR_NAME = AccentColor;
				CODE_SIGN_STYLE = Automatic;
				CURRENT_PROJECT_VERSION = 1;
				DEVELOPMENT_TEAM = 8FLPWUST8W;
				GENERATE_INFOPLIST_FILE = YES;
				INFOPLIST_FILE = CountryApp/Info.plist;
				INFOPLIST_KEY_NSLocationWhenInUseUsageDescription = "This app needs your location to suggest relevant countries.";
				INFOPLIST_KEY_UIApplicationSupportsIndirectInputEvents = YES;
				INFOPLIST_KEY_UILaunchStoryboardName = LaunchScreen;
				INFOPLIST_KEY_UISupportedInterfaceOrientations_iPad = "UIInterfaceOrientationPortrait UIInterfaceOrientationPortraitUpsideDown UIInterfaceOrientationLandscapeLeft UIInterfaceOrientationLandscapeRight";
				INFOPLIST_KEY_UISupportedInterfaceOrientations_iPhone = "UIInterfaceOrientationPortrait UIInterfaceOrientationLandscapeLeft UIInterfaceOrientationLandscapeRight";
				LD_RUNPATH_SEARCH_PATHS = (
					"$(inherited)",
					"@executable_path/Frameworks",
				);
				MARKETING_VERSION = 1.0;
				PRODUCT_BUNDLE_IDENTIFIER = com.jpkayle.CountryApp;
				PRODUCT_NAME = "$(TARGET_NAME)";
				SWIFT_EMIT_LOC_STRINGS = YES;
				SWIFT_VERSION = 5.0;
				TARGETED_DEVICE_FAMILY = "1,2";
			};
			name = Release;
		};
		564036042E39421D0035022D /* Debug */ = {
			isa = XCBuildConfiguration;
			buildSettings = {
				ALWAYS_SEARCH_USER_PATHS = NO;
				ASSETCATALOG_COMPILER_GENERATE_SWIFT_ASSET_SYMBOL_EXTENSIONS = YES;
				CLANG_ANALYZER_NONNULL = YES;
				CLANG_ANALYZER_NUMBER_OBJECT_CONVERSION = YES_AGGRESSIVE;
				CLANG_CXX_LANGUAGE_STANDARD = "gnu++20";
				CLANG_ENABLE_MODULES = YES;
				CLANG_ENABLE_OBJC_ARC = YES;
				CLANG_ENABLE_OBJC_WEAK = YES;
				CLANG_WARN_BLOCK_CAPTURE_AUTORELEASING = YES;
				CLANG_WARN_BOOL_CONVERSION = YES;
				CLANG_WARN_COMMA = YES;
				CLANG_WARN_CONSTANT_CONVERSION = YES;
				CLANG_WARN_DEPRECATED_OBJC_IMPLEMENTATIONS = YES;
				CLANG_WARN_DIRECT_OBJC_ISA_USAGE = YES_ERROR;
				CLANG_WARN_DOCUMENTATION_COMMENTS = YES;
				CLANG_WARN_EMPTY_BODY = YES;
				CLANG_WARN_ENUM_CONVERSION = YES;
				CLANG_WARN_INFINITE_RECURSION = YES;
				CLANG_WARN_INT_CONVERSION = YES;
				CLANG_WARN_NON_LITERAL_NULL_CONVERSION = YES;
				CLANG_WARN_OBJC_IMPLICIT_RETAIN_SELF = YES;
				CLANG_WARN_OBJC_LITERAL_CONVERSION = YES;
				CLANG_WARN_OBJC_ROOT_CLASS = YES_ERROR;
				CLANG_WARN_QUOTED_INCLUDE_IN_FRAMEWORK_HEADER = YES;
				CLANG_WARN_RANGE_LOOP_ANALYSIS = YES;
				CLANG_WARN_STRICT_PROTOTYPES = YES;
				CLANG_WARN_SUSPICIOUS_MOVE = YES;
				CLANG_WARN_UNGUARDED_AVAILABILITY = YES_AGGRESSIVE;
				CLANG_WARN_UNREACHABLE_CODE = YES;
				CLANG_WARN__DUPLICATE_METHOD_MATCH = YES;
				COPY_PHASE_STRIP = NO;
				DEBUG_INFORMATION_FORMAT = dwarf;
				DEVELOPMENT_TEAM = 8FLPWUST8W;
				ENABLE_STRICT_OBJC_MSGSEND = YES;
				ENABLE_TESTABILITY = YES;
				ENABLE_USER_SCRIPT_SANDBOXING = YES;
				GCC_C_LANGUAGE_STANDARD = gnu17;
				GCC_DYNAMIC_NO_PIC = NO;
				GCC_NO_COMMON_BLOCKS = YES;
				GCC_OPTIMIZATION_LEVEL = 0;
				GCC_PREPROCESSOR_DEFINITIONS = (
					"DEBUG=1",
					"$(inherited)",
				);
				GCC_WARN_64_TO_32_BIT_CONVERSION = YES;
				GCC_WARN_ABOUT_RETURN_TYPE = YES_ERROR;
				GCC_WARN_UNDECLARED_SELECTOR = YES;
				GCC_WARN_UNINITIALIZED_AUTOS = YES_AGGRESSIVE;
				GCC_WARN_UNUSED_FUNCTION = YES;
				GCC_WARN_UNUSED_VARIABLE = YES;
				IPHONEOS_DEPLOYMENT_TARGET = 18.5;
				LOCALIZATION_PREFERS_STRING_CATALOGS = YES;
				MTL_ENABLE_DEBUG_INFO = INCLUDE_SOURCE;
				MTL_FAST_MATH = YES;
				ONLY_ACTIVE_ARCH = YES;
				SDKROOT = iphoneos;
				SWIFT_ACTIVE_COMPILATION_CONDITIONS = "DEBUG $(inherited)";
				SWIFT_OPTIMIZATION_LEVEL = "-Onone";
			};
			name = Debug;
		};
		564036052E39421D0035022D /* Release */ = {
			isa = XCBuildConfiguration;
			buildSettings = {
				ALWAYS_SEARCH_USER_PATHS = NO;
				ASSETCATALOG_COMPILER_GENERATE_SWIFT_ASSET_SYMBOL_EXTENSIONS = YES;
				CLANG_ANALYZER_NONNULL = YES;
				CLANG_ANALYZER_NUMBER_OBJECT_CONVERSION = YES_AGGRESSIVE;
				CLANG_CXX_LANGUAGE_STANDARD = "gnu++20";
				CLANG_ENABLE_MODULES = YES;
				CLANG_ENABLE_OBJC_ARC = YES;
				CLANG_ENABLE_OBJC_WEAK = YES;
				CLANG_WARN_BLOCK_CAPTURE_AUTORELEASING = YES;
				CLANG_WARN_BOOL_CONVERSION = YES;
				CLANG_WARN_COMMA = YES;
				CLANG_WARN_CONSTANT_CONVERSION = YES;
				CLANG_WARN_DEPRECATED_OBJC_IMPLEMENTATIONS = YES;
				CLANG_WARN_DIRECT_OBJC_ISA_USAGE = YES_ERROR;
				CLANG_WARN_DOCUMENTATION_COMMENTS = YES;
				CLANG_WARN_EMPTY_BODY = YES;
				CLANG_WARN_ENUM_CONVERSION = YES;
				CLANG_WARN_INFINITE_RECURSION = YES;
				CLANG_WARN_INT_CONVERSION = YES;
				CLANG_WARN_NON_LITERAL_NULL_CONVERSION = YES;
				CLANG_WARN_OBJC_IMPLICIT_RETAIN_SELF = YES;
				CLANG_WARN_OBJC_LITERAL_CONVERSION = YES;
				CLANG_WARN_OBJC_ROOT_CLASS = YES_ERROR;
				CLANG_WARN_QUOTED_INCLUDE_IN_FRAMEWORK_HEADER = YES;
				CLANG_WARN_RANGE_LOOP_ANALYSIS = YES;
				CLANG_WARN_STRICT_PROTOTYPES = YES;
				CLANG_WARN_SUSPICIOUS_MOVE = YES;
				CLANG_WARN_UNGUARDED_AVAILABILITY = YES_AGGRESSIVE;
				CLANG_WARN_UNREACHABLE_CODE = YES;
				CLANG_WARN__DUPLICATE_METHOD_MATCH = YES;
				COPY_PHASE_STRIP = NO;
				DEBUG_INFORMATION_FORMAT = "dwarf-with-dsym";
				DEVELOPMENT_TEAM = 8FLPWUST8W;
				ENABLE_NS_ASSERTIONS = NO;
				ENABLE_STRICT_OBJC_MSGSEND = YES;
				ENABLE_USER_SCRIPT_SANDBOXING = YES;
				GCC_C_LANGUAGE_STANDARD = gnu17;
				GCC_NO_COMMON_BLOCKS = YES;
				GCC_WARN_64_TO_32_BIT_CONVERSION = YES;
				GCC_WARN_ABOUT_RETURN_TYPE = YES_ERROR;
				GCC_WARN_UNDECLARED_SELECTOR = YES;
				GCC_WARN_UNINITIALIZED_AUTOS = YES_AGGRESSIVE;
				GCC_WARN_UNUSED_FUNCTION = YES;
				GCC_WARN_UNUSED_VARIABLE = YES;
				IPHONEOS_DEPLOYMENT_TARGET = 18.5;
				LOCALIZATION_PREFERS_STRING_CATALOGS = YES;
				MTL_ENABLE_DEBUG_INFO = NO;
				MTL_FAST_MATH = YES;
				SDKROOT = iphoneos;
				SWIFT_COMPILATION_MODE = wholemodule;
				VALIDATE_PRODUCT = YES;
			};
			name = Release;
		};
		564036072E39421D0035022D /* Debug */ = {
			isa = XCBuildConfiguration;
			buildSettings = {
				BUNDLE_LOADER = "$(TEST_HOST)";
				CODE_SIGN_STYLE = Automatic;
				CURRENT_PROJECT_VERSION = 1;
				DEVELOPMENT_TEAM = 8FLPWUST8W;
				GENERATE_INFOPLIST_FILE = YES;
				IPHONEOS_DEPLOYMENT_TARGET = 18.5;
				MARKETING_VERSION = 1.0;
				PRODUCT_BUNDLE_IDENTIFIER = com.jpkayle.CountryAppTests;
				PRODUCT_NAME = "$(TARGET_NAME)";
				SWIFT_EMIT_LOC_STRINGS = NO;
				SWIFT_VERSION = 5.0;
				TARGETED_DEVICE_FAMILY = "1,2";
				TEST_HOST = "$(BUILT_PRODUCTS_DIR)/CountryApp.app/$(BUNDLE_EXECUTABLE_FOLDER_PATH)/CountryApp";
			};
			name = Debug;
		};
		564036082E39421D0035022D /* Release */ = {
			isa = XCBuildConfiguration;
			buildSettings = {
				BUNDLE_LOADER = "$(TEST_HOST)";
				CODE_SIGN_STYLE = Automatic;
				CURRENT_PROJECT_VERSION = 1;
				DEVELOPMENT_TEAM = 8FLPWUST8W;
				GENERATE_INFOPLIST_FILE = YES;
				IPHONEOS_DEPLOYMENT_TARGET = 18.5;
				MARKETING_VERSION = 1.0;
				PRODUCT_BUNDLE_IDENTIFIER = com.jpkayle.CountryAppTests;
				PRODUCT_NAME = "$(TARGET_NAME)";
				SWIFT_EMIT_LOC_STRINGS = NO;
				SWIFT_VERSION = 5.0;
				TARGETED_DEVICE_FAMILY = "1,2";
				TEST_HOST = "$(BUILT_PRODUCTS_DIR)/CountryApp.app/$(BUNDLE_EXECUTABLE_FOLDER_PATH)/CountryApp";
			};
			name = Release;
		};
		5640360A2E39421D0035022D /* Debug */ = {
			isa = XCBuildConfiguration;
			buildSettings = {
				CODE_SIGN_STYLE = Automatic;
				CURRENT_PROJECT_VERSION = 1;
				DEVELOPMENT_TEAM = 8FLPWUST8W;
				GENERATE_INFOPLIST_FILE = YES;
				MARKETING_VERSION = 1.0;
				PRODUCT_BUNDLE_IDENTIFIER = com.jpkayle.CountryAppUITests;
				PRODUCT_NAME = "$(TARGET_NAME)";
				SWIFT_EMIT_LOC_STRINGS = NO;
				SWIFT_VERSION = 5.0;
				TARGETED_DEVICE_FAMILY = "1,2";
				TEST_TARGET_NAME = CountryApp;
			};
			name = Debug;
		};
		5640360B2E39421D0035022D /* Release */ = {
			isa = XCBuildConfiguration;
			buildSettings = {
				CODE_SIGN_STYLE = Automatic;
				CURRENT_PROJECT_VERSION = 1;
				DEVELOPMENT_TEAM = 8FLPWUST8W;
				GENERATE_INFOPLIST_FILE = YES;
				MARKETING_VERSION = 1.0;
				PRODUCT_BUNDLE_IDENTIFIER = com.jpkayle.CountryAppUITests;
				PRODUCT_NAME = "$(TARGET_NAME)";
				SWIFT_EMIT_LOC_STRINGS = NO;
				SWIFT_VERSION = 5.0;
				TARGETED_DEVICE_FAMILY = "1,2";
				TEST_TARGET_NAME = CountryApp;
			};
			name = Release;
		};
/* End XCBuildConfiguration section */

/* Begin XCConfigurationList section */
		564035D32E39421C0035022D /* Build configuration list for PBXProject "CountryApp" */ = {
			isa = XCConfigurationList;
			buildConfigurations = (
				564036042E39421D0035022D /* Debug */,
				564036052E39421D0035022D /* Release */,
			);
			defaultConfigurationIsVisible = 0;
			defaultConfigurationName = Release;
		};
		564036012E39421D0035022D /* Build configuration list for PBXNativeTarget "CountryApp" */ = {
			isa = XCConfigurationList;
			buildConfigurations = (
				564036022E39421D0035022D /* Debug */,
				564036032E39421D0035022D /* Release */,
			);
			defaultConfigurationIsVisible = 0;
			defaultConfigurationName = Release;
		};
		564036062E39421D0035022D /* Build configuration list for PBXNativeTarget "CountryAppTests" */ = {
			isa = XCConfigurationList;
			buildConfigurations = (
				564036072E39421D0035022D /* Debug */,
				564036082E39421D0035022D /* Release */,
			);
			defaultConfigurationIsVisible = 0;
			defaultConfigurationName = Release;
		};
		564036092E39421D0035022D /* Build configuration list for PBXNativeTarget "CountryAppUITests" */ = {
			isa = XCConfigurationList;
			buildConfigurations = (
				5640360A2E39421D0035022D /* Debug */,
				5640360B2E39421D0035022D /* Release */,
			);
			defaultConfigurationIsVisible = 0;
			defaultConfigurationName = Release;
		};
/* End XCConfigurationList section */

/* Begin XCRemoteSwiftPackageReference section */
		56B7D95F2E3AADE900025EDB /* XCRemoteSwiftPackageReference "SVGKit" */ = {
			isa = XCRemoteSwiftPackageReference;
			repositoryURL = "https://github.com/SVGKit/SVGKit.git";
			requirement = {
				kind = upToNextMajorVersion;
				minimumVersion = 3.0.0;
			};
		};
/* End XCRemoteSwiftPackageReference section */

/* Begin XCSwiftPackageProductDependency section */
		56B7D99A2E3AAF4F00025EDB /* SVGKit */ = {
			isa = XCSwiftPackageProductDependency;
			package = 56B7D95F2E3AADE900025EDB /* XCRemoteSwiftPackageReference "SVGKit" */;
			productName = SVGKit;
		};
		56B7D99C2E3AAF5F00025EDB /* SVGKit */ = {
			isa = XCSwiftPackageProductDependency;
			package = 56B7D95F2E3AADE900025EDB /* XCRemoteSwiftPackageReference "SVGKit" */;
			productName = SVGKit;
		};
		56B7D99E2E3AAF5F00025EDB /* SVGKitSwift */ = {
			isa = XCSwiftPackageProductDependency;
			package = 56B7D95F2E3AADE900025EDB /* XCRemoteSwiftPackageReference "SVGKit" */;
			productName = SVGKitSwift;
		};
		56B7D9A02E3AAF6600025EDB /* SVGKitSwift */ = {
			isa = XCSwiftPackageProductDependency;
			package = 56B7D95F2E3AADE900025EDB /* XCRemoteSwiftPackageReference "SVGKit" */;
			productName = SVGKitSwift;
		};
/* End XCSwiftPackageProductDependency section */
	};
	rootObject = 564035D02E39421C0035022D /* Project object */;
}
